
Microsoft Visual Studio Solution File, Format Version 12.00
# Visual Studio Version 17
VisualStudioVersion = 17.9.34616.47
MinimumVisualStudioVersion = 10.0.40219.1
Project("{8BC9CEB8-8B4A-11D0-8D11-00A0C91BC942}") = "Struct1Pemdas", "Struct1Pemdas\Struct1Pemdas.vcxproj", "{9E3DA913-0E70-4C07-806C-1D1282C5609D}"
EndProject
Project("{8BC9CEB8-8B4A-11D0-8D11-00A0C91BC942}") = "Struct2Pemdas", "Struct2Pemdas\Struct2Pemdas.vcxproj", "{5D7FCEBD-EEC8-44A1-86B9-CCE486DF9C3F}"
EndProject
Project("{8BC9CEB8-8B4A-11D0-8D11-00A0C91BC942}") = "Sturct3Pemdas", "Sturct3Pemdas\Sturct3Pemdas.vcxproj", "{72F28E04-147B-4798-9871-E71173690213}"
EndProject
Project("{8BC9CEB8-8B4A-11D0-8D11-00A0C91BC942}") = "Struct4Pemdas", "Struct4Pemdas\Struct4Pemdas.vcxproj", "{A85C4A10-21FC-4A63-BC0E-3003A644D119}"
EndProject
Global
	GlobalSection(SolutionConfigurationPlatforms) = preSolution
		Debug|x64 = Debug|x64
		Debug|x86 = Debug|x86
		Release|x64 = Release|x64
		Release|x86 = Release|x86
	EndGlobalSection
	GlobalSection(ProjectConfigurationPlatforms) = postSolution
		{9E3DA913-0E70-4C07-806C-1D1282C5609D}.Debug|x64.ActiveCfg = Debug|x64
		{9E3DA913-0E70-4C07-806C-1D1282C5609D}.Debug|x64.Build.0 = Debug|x64
		{9E3DA913-0E70-4C07-806C-1D1282C5609D}.Debug|x86.ActiveCfg = Debug|Win32
		{9E3DA913-0E70-4C07-806C-1D1282C5609D}.Debug|x86.Build.0 = Debug|Win32
		{9E3DA913-0E70-4C07-806C-1D1282C5609D}.Release|x64.ActiveCfg = Release|x64
		{9E3DA913-0E70-4C07-806C-1D1282C5609D}.Release|x64.Build.0 = Release|x64
		{9E3DA913-0E70-4C07-806C-1D1282C5609D}.Release|x86.ActiveCfg = Release|Win32
		{9E3DA913-0E70-4C07-806C-1D1282C5609D}.Release|x86.Build.0 = Release|Win32
		{5D7FCEBD-EEC8-44A1-86B9-CCE486DF9C3F}.Debug|x64.ActiveCfg = Debug|x64
		{5D7FCEBD-EEC8-44A1-86B9-CCE486DF9C3F}.Debug|x64.Build.0 = Debug|x64
		{5D7FCEBD-EEC8-44A1-86B9-CCE486DF9C3F}.Debug|x86.ActiveCfg = Debug|Win32
		{5D7FCEBD-EEC8-44A1-86B9-CCE486DF9C3F}.Debug|x86.Build.0 = Debug|Win32
		{5D7FCEBD-EEC8-44A1-86B9-CCE486DF9C3F}.Release|x64.ActiveCfg = Release|x64
		{5D7FCEBD-EEC8-44A1-86B9-CCE486DF9C3F}.Release|x64.Build.0 = Release|x64
		{5D7FCEBD-EEC8-44A1-86B9-CCE486DF9C3F}.Release|x86.ActiveCfg = Release|Win32
		{5D7FCEBD-EEC8-44A1-86B9-CCE486DF9C3F}.Release|x86.Build.0 = Release|Win32
		{72F28E04-147B-4798-9871-E71173690213}.Debug|x64.ActiveCfg = Debug|x64
		{72F28E04-147B-4798-9871-E71173690213}.Debug|x64.Build.0 = Debug|x64
		{72F28E04-147B-4798-9871-E71173690213}.Debug|x86.ActiveCfg = Debug|Win32
		{72F28E04-147B-4798-9871-E71173690213}.Debug|x86.Build.0 = Debug|Win32
		{72F28E04-147B-4798-9871-E71173690213}.Release|x64.ActiveCfg = Release|x64
		{72F28E04-147B-4798-9871-E71173690213}.Release|x64.Build.0 = Release|x64
		{72F28E04-147B-4798-9871-E71173690213}.Release|x86.ActiveCfg = Release|Win32
		{72F28E04-147B-4798-9871-E71173690213}.Release|x86.Build.0 = Release|Win32
		{A85C4A10-21FC-4A63-BC0E-3003A644D119}.Debug|x64.ActiveCfg = Debug|x64
		{A85C4A10-21FC-4A63-BC0E-3003A644D119}.Debug|x64.Build.0 = Debug|x64
		{A85C4A10-21FC-4A63-BC0E-3003A644D119}.Debug|x86.ActiveCfg = Debug|Win32
		{A85C4A10-21FC-4A63-BC0E-3003A644D119}.Debug|x86.Build.0 = Debug|Win32
		{A85C4A10-21FC-4A63-BC0E-3003A644D119}.Release|x64.ActiveCfg = Release|x64
		{A85C4A10-21FC-4A63-BC0E-3003A644D119}.Release|x64.Build.0 = Release|x64
		{A85C4A10-21FC-4A63-BC0E-3003A644D119}.Release|x86.ActiveCfg = Release|Win32
		{A85C4A10-21FC-4A63-BC0E-3003A644D119}.Release|x86.Build.0 = Release|Win32
	EndGlobalSection
	GlobalSection(SolutionProperties) = preSolution
		HideSolutionNode = FALSE
	EndGlobalSection
	GlobalSection(ExtensibilityGlobals) = postSolution
		SolutionGuid = {55A7FF42-9098-4483-9C32-966F8CD63CD1}
	EndGlobalSection
EndGlobal
